{
    "name": "react4xp-build-components",
    "version": "0.0.1",
    "lockfileVersion": 1,
    "requires": true,
    "dependencies": {
        "react4xp-build-entriesandchunks": {
            "version": "0.0.1",
            "resolved": "https://registry.npmjs.org/react4xp-build-entriesandchunks/-/react4xp-build-entriesandchunks-0.0.1.tgz",
            "integrity": "sha512-0Ytn/E5MP/iFcDeUj4HIKvmt/kdvHP94cbabBodEViz9SdXmHSA/9iuUEgc3CTggPjTZ6g+aLgoPWkBhwptDnQ==",
            "requires": {
                "chunks-2-json-webpack-plugin": "^1.0.0"
            },
            "dependencies": {
                "chunks-2-json-webpack-plugin": {
                    "version": "1.0.0",
                    "resolved": "https://registry.npmjs.org/chunks-2-json-webpack-plugin/-/chunks-2-json-webpack-plugin-1.0.0.tgz",
                    "integrity": "sha512-zZ6BtgjFVKwDvwd/7oOwqyvpv6WEtLk+DnDmqvKjsavg+TsPK2qBeDk+lmwd029FSHqbmtWCrS2ru9nLDslWMg=="
                }
            }
        }
    }
}
